
Microsoft Visual Studio Solution File, Format Version 12.00
# Visual Studio Version 16
VisualStudioVersion = 16.0.30503.244
MinimumVisualStudioVersion = 10.0.40219.1
Project("{8BC9CEB8-8B4A-11D0-8D11-00A0C91BC942}") = "wddmhook", "sys\wddmhook.vcxproj", "{EE512102-DF17-491D-9CE2-559BE07DD6B3}"
EndProject
Project("{8BC9CEB8-8B4A-11D0-8D11-00A0C91BC942}") = "whinstaller", "whinstaller\whinstaller.vcxproj", "{E1A9683F-10CB-4E07-9F35-741A771E7406}"
EndProject
Global
	GlobalSection(SolutionConfigurationPlatforms) = preSolution
		Debug|x64 = Debug|x64
		Debug|x86 = Debug|x86
		Release|x64 = Release|x64
		Release|x86 = Release|x86
	EndGlobalSection
	GlobalSection(ProjectConfigurationPlatforms) = postSolution
		{EE512102-DF17-491D-9CE2-559BE07DD6B3}.Debug|x64.ActiveCfg = Debug|x64
		{EE512102-DF17-491D-9CE2-559BE07DD6B3}.Debug|x64.Build.0 = Debug|x64
		{EE512102-DF17-491D-9CE2-559BE07DD6B3}.Debug|x64.Deploy.0 = Debug|x64
		{EE512102-DF17-491D-9CE2-559BE07DD6B3}.Debug|x86.ActiveCfg = Debug|Win32
		{EE512102-DF17-491D-9CE2-559BE07DD6B3}.Debug|x86.Build.0 = Debug|Win32
		{EE512102-DF17-491D-9CE2-559BE07DD6B3}.Debug|x86.Deploy.0 = Debug|Win32
		{EE512102-DF17-491D-9CE2-559BE07DD6B3}.Release|x64.ActiveCfg = Release|x64
		{EE512102-DF17-491D-9CE2-559BE07DD6B3}.Release|x64.Build.0 = Release|x64
		{EE512102-DF17-491D-9CE2-559BE07DD6B3}.Release|x64.Deploy.0 = Release|x64
		{EE512102-DF17-491D-9CE2-559BE07DD6B3}.Release|x86.ActiveCfg = Release|Win32
		{EE512102-DF17-491D-9CE2-559BE07DD6B3}.Release|x86.Build.0 = Release|Win32
		{EE512102-DF17-491D-9CE2-559BE07DD6B3}.Release|x86.Deploy.0 = Release|Win32
		{E1A9683F-10CB-4E07-9F35-741A771E7406}.Debug|x64.ActiveCfg = Debug|x64
		{E1A9683F-10CB-4E07-9F35-741A771E7406}.Debug|x64.Build.0 = Debug|x64
		{E1A9683F-10CB-4E07-9F35-741A771E7406}.Debug|x86.ActiveCfg = Debug|Win32
		{E1A9683F-10CB-4E07-9F35-741A771E7406}.Debug|x86.Build.0 = Debug|Win32
		{E1A9683F-10CB-4E07-9F35-741A771E7406}.Release|x64.ActiveCfg = Release|x64
		{E1A9683F-10CB-4E07-9F35-741A771E7406}.Release|x64.Build.0 = Release|x64
		{E1A9683F-10CB-4E07-9F35-741A771E7406}.Release|x86.ActiveCfg = Release|Win32
		{E1A9683F-10CB-4E07-9F35-741A771E7406}.Release|x86.Build.0 = Release|Win32
	EndGlobalSection
	GlobalSection(SolutionProperties) = preSolution
		HideSolutionNode = FALSE
	EndGlobalSection
	GlobalSection(ExtensibilityGlobals) = postSolution
		SolutionGuid = {B0AF2145-51AE-4420-B707-321BF2FDB464}
	EndGlobalSection
EndGlobal
